github.com/Kinveil/Riot-API-Golang v1.1.12 h1:DUIHD6YR5CdMUMkdJS1xhoyX9/nvE6xEQoPz/XgsPqE=
github.com/Kinveil/Riot-API-Golang v1.1.12/go.mod h1:r8MRuYEeV66QFXO2mOjF3Cw9lqx515rMSFJcqwFhyEA=
github.com/barkimedes/go-deepcopy v0.0.0-20220514131651-17c30cfc62df h1:GSoSVRLoBaFpOOds6QyY1L8AX7uoY+Ln3BHc22W40X0=
github.com/barkimedes/go-deepcopy v0.0.0-20220514131651-17c30cfc62df/go.mod h1:hiVxq5OP2bUGBRNS3Z/bt/reCLFNbdcST6gISi1fiOM=
github.com/joho/godotenv v1.5.1 h1:7eLL/+HRGLY0ldzfGMeQkb7vMd0as4CfYvUVzLqw0N0=
github.com/joho/godotenv v1.5.1/go.mod h1:f4LDr5Voq0i2e/R5DDNOoa2zzDfwtkZa6DnEwAbqwq4=
github.com/mattn/go-sqlite3 v1.14.24 h1:tpSp2G2KyMnnQu99ngJ47EIkWVmliIizyZBfPrBWDRM=
github.com/mattn/go-sqlite3 v1.14.24/go.mod h1:Uh1q+B4BYcTPb+yiD3kU8Ct7aC0hY9fxUwlHK0RXw+Y=
github.com/realTristan/disgoauth v1.0.2 h1:dfto2Kf1gFlZsf8XuwRNoemLgk+hGn/TJpSdtMrEh8E=
github.com/realTristan/disgoauth v1.0.2/go.mod h1:t72aRaWMq2gknUZcKONReJlEYFod5sHC86WCJ0X9GxA=
golang.org/x/text v0.14.0 h1:ScX5w1eTa3QqT8oi6+ziP7dTV1S2+ALU0bI+0zXKWiQ=
golang.org/x/text v0.14.0/go.mod h1:18ZOQIKpY8NJVqYksKHtTdi31H5itFRjB5/qKTNYzSU=
